
Microsoft Visual Studio Solution File, Format Version 12.00
# Visual Studio Version 17
VisualStudioVersion = 17.5.002.0
MinimumVisualStudioVersion = 10.0.40219.1
Project("{9A19103F-16F7-4668-BE54-9A1E7A4F7556}") = "DotNet9WithSQLite", "DotNet9WithSQLite.csproj", "{701135EE-8AB4-442F-B48A-E4B21CC9BA80}"
EndProject
Global
	GlobalSection(SolutionConfigurationPlatforms) = preSolution
		Debug|Any CPU = Debug|Any CPU
		Release|Any CPU = Release|Any CPU
	EndGlobalSection
	GlobalSection(ProjectConfigurationPlatforms) = postSolution
		{701135EE-8AB4-442F-B48A-E4B21CC9BA80}.Debug|Any CPU.ActiveCfg = Debug|Any CPU
		{701135EE-8AB4-442F-B48A-E4B21CC9BA80}.Debug|Any CPU.Build.0 = Debug|Any CPU
		{701135EE-8AB4-442F-B48A-E4B21CC9BA80}.Release|Any CPU.ActiveCfg = Release|Any CPU
		{701135EE-8AB4-442F-B48A-E4B21CC9BA80}.Release|Any CPU.Build.0 = Release|Any CPU
	EndGlobalSection
	GlobalSection(SolutionProperties) = preSolution
		HideSolutionNode = FALSE
	EndGlobalSection
	GlobalSection(ExtensibilityGlobals) = postSolution
		SolutionGuid = {4E5843FA-6788-4355-93F1-2A2E80EC2C53}
	EndGlobalSection
EndGlobal
